
Microsoft Visual Studio Solution File, Format Version 12.00
# Visual Studio 15
VisualStudioVersion = 15.0.27130.2027
MinimumVisualStudioVersion = 10.0.40219.1
Project("{9A19103F-16F7-4668-BE54-9A1E7A4F7556}") = "FunctionApp32", "FunctionApp32.csproj", "{5DC9B2D4-8411-40CD-8D9E-645CD047EADB}"
EndProject
Global
	GlobalSection(SolutionConfigurationPlatforms) = preSolution
		Debug|Any CPU = Debug|Any CPU
		Release|Any CPU = Release|Any CPU
	EndGlobalSection
	GlobalSection(ProjectConfigurationPlatforms) = postSolution
		{5DC9B2D4-8411-40CD-8D9E-645CD047EADB}.Debug|Any CPU.ActiveCfg = Debug|Any CPU
		{5DC9B2D4-8411-40CD-8D9E-645CD047EADB}.Debug|Any CPU.Build.0 = Debug|Any CPU
		{5DC9B2D4-8411-40CD-8D9E-645CD047EADB}.Release|Any CPU.ActiveCfg = Release|Any CPU
		{5DC9B2D4-8411-40CD-8D9E-645CD047EADB}.Release|Any CPU.Build.0 = Release|Any CPU
	EndGlobalSection
	GlobalSection(SolutionProperties) = preSolution
		HideSolutionNode = FALSE
	EndGlobalSection
	GlobalSection(ExtensibilityGlobals) = postSolution
		SolutionGuid = {ED35FF6B-FF40-400C-8FA9-0F8476BFF00C}
	EndGlobalSection
EndGlobal
